
Microsoft Visual Studio Solution File, Format Version 12.00
# Visual Studio Version 17
VisualStudioVersion = 17.8.34408.163
MinimumVisualStudioVersion = 10.0.40219.1
Project("{2150E333-8FDC-42A3-9474-1A3956D46DE8}") = "Modirsa", "Modirsa", "{09A31D29-68C2-475E-97FE-A344108531C0}"
EndProject
Project("{9A19103F-16F7-4668-BE54-9A1E7A4F7556}") = "0_Framework", "Modirsa\0_Framework\0_Framework.csproj", "{3807B7FB-71F4-49C9-8FD5-087F4CA93E49}"
EndProject
Project("{2150E333-8FDC-42A3-9474-1A3956D46DE8}") = "Modirsa.Presentation", "Modirsa.Presentation", "{89CAD88F-15FB-4866-A821-B3BE4D7C4A52}"
EndProject
Project("{FAE04EC0-301F-11D3-BF4B-00C04F79EFBC}") = "ModisaApp", "Modirsa\Modirsa.Presentation\ModisaApp\ModisaApp\ModisaApp.csproj", "{77D8DEAE-999F-4F2E-B132-21CC872927DE}"
EndProject
Project("{FAE04EC0-301F-11D3-BF4B-00C04F79EFBC}") = "ModisaApp.Shared", "Modirsa\Modirsa.Presentation\ModisaApp\ModisaApp.Shared\ModisaApp.Shared.csproj", "{B6FBEC0C-EDBB-4BA6-BEE8-157C660B9D71}"
EndProject
Project("{FAE04EC0-301F-11D3-BF4B-00C04F79EFBC}") = "ModisaApp.Web", "Modirsa\Modirsa.Presentation\ModisaApp\ModisaApp.Web\ModisaApp.Web.csproj", "{C9C4CC7E-0A96-4CFB-95A4-486F6243CD5A}"
EndProject
Project("{FAE04EC0-301F-11D3-BF4B-00C04F79EFBC}") = "ModisaApp.API", "Modirsa\Modirsa.Presentation\ModisaApp.API\ModisaApp.API.csproj", "{AFFD7B2D-D44A-45F9-AD78-63838C150012}"
EndProject
Project("{2150E333-8FDC-42A3-9474-1A3956D46DE8}") = "src", "src", "{E28A41F0-DC36-4C63-BA8C-59D1EAF1018E}"
EndProject
Project("{FAE04EC0-301F-11D3-BF4B-00C04F79EFBC}") = "Domain", "Modirsa\src\Domain\Domain.csproj", "{1712D63D-BAB7-4376-84D9-829A9A8B1947}"
EndProject
Project("{FAE04EC0-301F-11D3-BF4B-00C04F79EFBC}") = "Application", "Modirsa\src\Application\Application.csproj", "{013BB049-8842-4B25-A9C1-2766EB813E75}"
EndProject
Project("{FAE04EC0-301F-11D3-BF4B-00C04F79EFBC}") = "Infrastructure", "Modirsa\src\Infrastructure\Infrastructure.csproj", "{B8142691-A97C-4002-B883-BF6BABFAC3FC}"
EndProject
Global
	GlobalSection(SolutionConfigurationPlatforms) = preSolution
		Debug|Any CPU = Debug|Any CPU
		Release|Any CPU = Release|Any CPU
	EndGlobalSection
	GlobalSection(ProjectConfigurationPlatforms) = postSolution
		{3807B7FB-71F4-49C9-8FD5-087F4CA93E49}.Debug|Any CPU.ActiveCfg = Debug|Any CPU
		{3807B7FB-71F4-49C9-8FD5-087F4CA93E49}.Debug|Any CPU.Build.0 = Debug|Any CPU
		{3807B7FB-71F4-49C9-8FD5-087F4CA93E49}.Release|Any CPU.ActiveCfg = Release|Any CPU
		{3807B7FB-71F4-49C9-8FD5-087F4CA93E49}.Release|Any CPU.Build.0 = Release|Any CPU
		{77D8DEAE-999F-4F2E-B132-21CC872927DE}.Debug|Any CPU.ActiveCfg = Debug|Any CPU
		{77D8DEAE-999F-4F2E-B132-21CC872927DE}.Debug|Any CPU.Build.0 = Debug|Any CPU
		{77D8DEAE-999F-4F2E-B132-21CC872927DE}.Debug|Any CPU.Deploy.0 = Debug|Any CPU
		{77D8DEAE-999F-4F2E-B132-21CC872927DE}.Release|Any CPU.ActiveCfg = Release|Any CPU
		{77D8DEAE-999F-4F2E-B132-21CC872927DE}.Release|Any CPU.Build.0 = Release|Any CPU
		{B6FBEC0C-EDBB-4BA6-BEE8-157C660B9D71}.Debug|Any CPU.ActiveCfg = Debug|Any CPU
		{B6FBEC0C-EDBB-4BA6-BEE8-157C660B9D71}.Debug|Any CPU.Build.0 = Debug|Any CPU
		{B6FBEC0C-EDBB-4BA6-BEE8-157C660B9D71}.Release|Any CPU.ActiveCfg = Release|Any CPU
		{B6FBEC0C-EDBB-4BA6-BEE8-157C660B9D71}.Release|Any CPU.Build.0 = Release|Any CPU
		{C9C4CC7E-0A96-4CFB-95A4-486F6243CD5A}.Debug|Any CPU.ActiveCfg = Debug|Any CPU
		{C9C4CC7E-0A96-4CFB-95A4-486F6243CD5A}.Debug|Any CPU.Build.0 = Debug|Any CPU
		{C9C4CC7E-0A96-4CFB-95A4-486F6243CD5A}.Release|Any CPU.ActiveCfg = Release|Any CPU
		{C9C4CC7E-0A96-4CFB-95A4-486F6243CD5A}.Release|Any CPU.Build.0 = Release|Any CPU
		{AFFD7B2D-D44A-45F9-AD78-63838C150012}.Debug|Any CPU.ActiveCfg = Debug|Any CPU
		{AFFD7B2D-D44A-45F9-AD78-63838C150012}.Debug|Any CPU.Build.0 = Debug|Any CPU
		{AFFD7B2D-D44A-45F9-AD78-63838C150012}.Release|Any CPU.ActiveCfg = Release|Any CPU
		{AFFD7B2D-D44A-45F9-AD78-63838C150012}.Release|Any CPU.Build.0 = Release|Any CPU
		{1712D63D-BAB7-4376-84D9-829A9A8B1947}.Debug|Any CPU.ActiveCfg = Debug|Any CPU
		{1712D63D-BAB7-4376-84D9-829A9A8B1947}.Debug|Any CPU.Build.0 = Debug|Any CPU
		{1712D63D-BAB7-4376-84D9-829A9A8B1947}.Release|Any CPU.ActiveCfg = Release|Any CPU
		{1712D63D-BAB7-4376-84D9-829A9A8B1947}.Release|Any CPU.Build.0 = Release|Any CPU
		{013BB049-8842-4B25-A9C1-2766EB813E75}.Debug|Any CPU.ActiveCfg = Debug|Any CPU
		{013BB049-8842-4B25-A9C1-2766EB813E75}.Debug|Any CPU.Build.0 = Debug|Any CPU
		{013BB049-8842-4B25-A9C1-2766EB813E75}.Release|Any CPU.ActiveCfg = Release|Any CPU
		{013BB049-8842-4B25-A9C1-2766EB813E75}.Release|Any CPU.Build.0 = Release|Any CPU
		{B8142691-A97C-4002-B883-BF6BABFAC3FC}.Debug|Any CPU.ActiveCfg = Debug|Any CPU
		{B8142691-A97C-4002-B883-BF6BABFAC3FC}.Debug|Any CPU.Build.0 = Debug|Any CPU
		{B8142691-A97C-4002-B883-BF6BABFAC3FC}.Release|Any CPU.ActiveCfg = Release|Any CPU
		{B8142691-A97C-4002-B883-BF6BABFAC3FC}.Release|Any CPU.Build.0 = Release|Any CPU
	EndGlobalSection
	GlobalSection(SolutionProperties) = preSolution
		HideSolutionNode = FALSE
	EndGlobalSection
	GlobalSection(NestedProjects) = preSolution
		{3807B7FB-71F4-49C9-8FD5-087F4CA93E49} = {09A31D29-68C2-475E-97FE-A344108531C0}
		{89CAD88F-15FB-4866-A821-B3BE4D7C4A52} = {09A31D29-68C2-475E-97FE-A344108531C0}
		{77D8DEAE-999F-4F2E-B132-21CC872927DE} = {89CAD88F-15FB-4866-A821-B3BE4D7C4A52}
		{B6FBEC0C-EDBB-4BA6-BEE8-157C660B9D71} = {89CAD88F-15FB-4866-A821-B3BE4D7C4A52}
		{C9C4CC7E-0A96-4CFB-95A4-486F6243CD5A} = {89CAD88F-15FB-4866-A821-B3BE4D7C4A52}
		{AFFD7B2D-D44A-45F9-AD78-63838C150012} = {89CAD88F-15FB-4866-A821-B3BE4D7C4A52}
		{E28A41F0-DC36-4C63-BA8C-59D1EAF1018E} = {09A31D29-68C2-475E-97FE-A344108531C0}
		{1712D63D-BAB7-4376-84D9-829A9A8B1947} = {E28A41F0-DC36-4C63-BA8C-59D1EAF1018E}
		{013BB049-8842-4B25-A9C1-2766EB813E75} = {E28A41F0-DC36-4C63-BA8C-59D1EAF1018E}
		{B8142691-A97C-4002-B883-BF6BABFAC3FC} = {E28A41F0-DC36-4C63-BA8C-59D1EAF1018E}
	EndGlobalSection
	GlobalSection(ExtensibilityGlobals) = postSolution
		SolutionGuid = {8AD4E0B2-F358-4C3D-BC59-44590B799898}
	EndGlobalSection
EndGlobal
