
Microsoft Visual Studio Solution File, Format Version 12.00
# Visual Studio Version 17
VisualStudioVersion = 17.8.34408.163
MinimumVisualStudioVersion = 10.0.40219.1
Project("{2150E333-8FDC-42A3-9474-1A3956D46DE8}") = "BuildingManagement", "BuildingManagement", "{277391FA-86A2-4A5B-96DA-066967AC9A35}"
EndProject
Project("{2150E333-8FDC-42A3-9474-1A3956D46DE8}") = "BM.Domain", "BM.Domain", "{E31B2023-FD53-4F54-ABC0-C1B8800F73D7}"
EndProject
Project("{2150E333-8FDC-42A3-9474-1A3956D46DE8}") = "BM.Application", "BM.Application", "{0CE4EB87-D706-48A4-8D0E-9A45D3C96FF2}"
EndProject
Project("{2150E333-8FDC-42A3-9474-1A3956D46DE8}") = "BM.Infrastructure", "BM.Infrastructure", "{67469874-B2B7-4663-AA8C-4ADF847B768A}"
EndProject
Project("{2150E333-8FDC-42A3-9474-1A3956D46DE8}") = "Modirsa", "Modirsa", "{09A31D29-68C2-475E-97FE-A344108531C0}"
EndProject
Project("{9A19103F-16F7-4668-BE54-9A1E7A4F7556}") = "BuildingManagement.Domain", "Modirsa\BuildingManagement.Domain\BuildingManagement.Domain.csproj", "{38F52AE6-745A-44FC-9AA5-8393610AC722}"
EndProject
Project("{9A19103F-16F7-4668-BE54-9A1E7A4F7556}") = "BuildingManagement.Application", "Modirsa\BuildingManagement.Application\BuildingManagement.Application.csproj", "{309DBAE1-B55E-444A-A8E0-6C899D49DAD1}"
EndProject
Project("{9A19103F-16F7-4668-BE54-9A1E7A4F7556}") = "BuildingManagement.Application.Contract", "Modirsa\BuildingManagement.Application.Contract\BuildingManagement.Application.Contract.csproj", "{1217532C-F2FF-4364-ACB8-DF468B0C4289}"
EndProject
Project("{9A19103F-16F7-4668-BE54-9A1E7A4F7556}") = "BuildingManagement.Configuration", "Modirsa\BuildingManagement.Configuration\BuildingManagement.Configuration.csproj", "{85299EDF-8DA2-46C5-849A-D8C4DF1B3309}"
EndProject
Project("{9A19103F-16F7-4668-BE54-9A1E7A4F7556}") = "BuildingManagement.Infrastructure.EFCore", "Modirsa\BuildingManagement.Infrastructure.EFCore\BuildingManagement.Infrastructure.EFCore.csproj", "{26E55ABA-D8AF-4E6D-A047-3FDDE1BE6CCB}"
EndProject
Project("{9A19103F-16F7-4668-BE54-9A1E7A4F7556}") = "0_Framework", "Modirsa\0_Framework\0_Framework.csproj", "{3807B7FB-71F4-49C9-8FD5-087F4CA93E49}"
EndProject
Project("{2150E333-8FDC-42A3-9474-1A3956D46DE8}") = "ExpenseManagement", "ExpenseManagement", "{5EB6BD1B-222C-409D-AA3B-5471178D7D1A}"
EndProject
Project("{2150E333-8FDC-42A3-9474-1A3956D46DE8}") = "EM.Domain", "EM.Domain", "{23FCE99A-1D2F-48FF-972D-7E9F40BC0545}"
EndProject
Project("{9A19103F-16F7-4668-BE54-9A1E7A4F7556}") = "ExpenseManagement.Domain", "Modirsa\ExpenseManagement\EM.Domain\ExpenseManagement.Domain\ExpenseManagement.Domain.csproj", "{8BC8BDCF-2D89-47D5-A976-2B05900ECF39}"
EndProject
Project("{2150E333-8FDC-42A3-9474-1A3956D46DE8}") = "EM.Infrastructure", "EM.Infrastructure", "{43918328-082E-4370-A634-D7FE555AA31F}"
EndProject
Project("{9A19103F-16F7-4668-BE54-9A1E7A4F7556}") = "ExpenseManagement.Infrastructure.EfCore", "Modirsa\ExpenseManagement\EM.Infrastructure\ExpenseManagement.Infrastructure.EfCore\ExpenseManagement.Infrastructure.EfCore.csproj", "{CDE160C3-B80A-44DA-AFE8-86E4E5D44C32}"
EndProject
Project("{9A19103F-16F7-4668-BE54-9A1E7A4F7556}") = "ExpenseManagement.Configuration", "Modirsa\ExpenseManagement\EM.Infrastructure\ExpenseManagement.Configuration\ExpenseManagement.Configuration.csproj", "{D5D2B308-8942-4BEF-BD62-C8941E2C5B76}"
EndProject
Project("{2150E333-8FDC-42A3-9474-1A3956D46DE8}") = "EM.Application", "EM.Application", "{09A05B82-5573-46AD-896A-905D4B907AFA}"
EndProject
Project("{9A19103F-16F7-4668-BE54-9A1E7A4F7556}") = "ExpenseManagement.Application.Contract", "Modirsa\ExpenseManagement\EM.Application\ExpenseManagement.Application.Contract\ExpenseManagement.Application.Contract.csproj", "{6E0104AC-3156-4DA3-B1F4-1FEF70ABC0B7}"
EndProject
Project("{9A19103F-16F7-4668-BE54-9A1E7A4F7556}") = "ExpenseManagement.Application", "Modirsa\ExpenseManagement\EM.Application\ExpenseManagement.Application\ExpenseManagement.Application.csproj", "{07310B00-242B-4618-9F10-B77C02833478}"
EndProject
Project("{2150E333-8FDC-42A3-9474-1A3956D46DE8}") = "AccountManagement", "AccountManagement", "{16D4A5B2-C8C2-4EF5-9624-126F9867354B}"
EndProject
Project("{2150E333-8FDC-42A3-9474-1A3956D46DE8}") = "AM.Domain", "AM.Domain", "{E387DB1B-D471-4E80-A10A-C8EF4A2C22E8}"
EndProject
Project("{2150E333-8FDC-42A3-9474-1A3956D46DE8}") = "AM.Infrastructure", "AM.Infrastructure", "{A21B84BC-3FA6-475C-942D-3AE6C3700187}"
EndProject
Project("{2150E333-8FDC-42A3-9474-1A3956D46DE8}") = "AM.Application", "AM.Application", "{B4CA2B98-02F8-41EA-8284-303A8431CDEE}"
EndProject
Project("{9A19103F-16F7-4668-BE54-9A1E7A4F7556}") = "AccountManagement.Domain", "Modirsa\AccountManagement\AM.Domain\AccountManagement.Domain\AccountManagement.Domain.csproj", "{C714B5A9-C111-4A48-8A30-4FD8786B5B75}"
EndProject
Project("{9A19103F-16F7-4668-BE54-9A1E7A4F7556}") = "AccountManagement.Configuration", "Modirsa\AccountManagement\AM.Infrastructure\AccountManagement.Configuration\AccountManagement.Configuration.csproj", "{798CC435-3ABA-419B-86F5-5AB08D24D307}"
EndProject
Project("{9A19103F-16F7-4668-BE54-9A1E7A4F7556}") = "AccountManagement.Infrastructure.EFCore", "Modirsa\AccountManagement\AM.Infrastructure\AccountManagement.Infrastructure.EFCore\AccountManagement.Infrastructure.EFCore.csproj", "{80F9AEB5-40A5-4C4C-88C4-6DE7917134A7}"
EndProject
Project("{9A19103F-16F7-4668-BE54-9A1E7A4F7556}") = "AccountManagement.Application", "Modirsa\AccountManagement\AM.Application\AccountManagement.Application\AccountManagement.Application.csproj", "{683E2F1D-2A0C-43FD-981D-8105A3408527}"
EndProject
Project("{9A19103F-16F7-4668-BE54-9A1E7A4F7556}") = "AccountManagement.Application.Contract", "Modirsa\AccountManagement\AM.Application\AccountManagement.Application.Contract\AccountManagement.Application.Contract.csproj", "{52D893DB-AF06-49BF-BBFE-939F9079EC0B}"
EndProject
Project("{2150E333-8FDC-42A3-9474-1A3956D46DE8}") = "Modirsa.Presentation", "Modirsa.Presentation", "{89CAD88F-15FB-4866-A821-B3BE4D7C4A52}"
EndProject
Project("{FAE04EC0-301F-11D3-BF4B-00C04F79EFBC}") = "ModisaApp", "Modirsa\Modirsa.Presentation\ModisaApp\ModisaApp\ModisaApp.csproj", "{77D8DEAE-999F-4F2E-B132-21CC872927DE}"
EndProject
Project("{FAE04EC0-301F-11D3-BF4B-00C04F79EFBC}") = "ModisaApp.Shared", "Modirsa\Modirsa.Presentation\ModisaApp\ModisaApp.Shared\ModisaApp.Shared.csproj", "{B6FBEC0C-EDBB-4BA6-BEE8-157C660B9D71}"
EndProject
Project("{FAE04EC0-301F-11D3-BF4B-00C04F79EFBC}") = "ModisaApp.Web", "Modirsa\Modirsa.Presentation\ModisaApp\ModisaApp.Web\ModisaApp.Web.csproj", "{C9C4CC7E-0A96-4CFB-95A4-486F6243CD5A}"
EndProject
Project("{2150E333-8FDC-42A3-9474-1A3956D46DE8}") = "BM.Presentation", "BM.Presentation", "{48378CF7-40EB-4310-A396-E5226006AE3A}"
EndProject
Project("{FAE04EC0-301F-11D3-BF4B-00C04F79EFBC}") = "BuildingManagement.Presentation.Api", "Modirsa\BuildingManagement.Presentation.Api\BuildingManagement.Presentation.Api.csproj", "{13E87BA0-6154-4C36-BB85-F2695F64C175}"
EndProject
Project("{FAE04EC0-301F-11D3-BF4B-00C04F79EFBC}") = "ModisaApp.API", "Modirsa\Modirsa.Presentation\ModisaApp.API\ModisaApp.API.csproj", "{AFFD7B2D-D44A-45F9-AD78-63838C150012}"
EndProject
Global
	GlobalSection(SolutionConfigurationPlatforms) = preSolution
		Debug|Any CPU = Debug|Any CPU
		Release|Any CPU = Release|Any CPU
	EndGlobalSection
	GlobalSection(ProjectConfigurationPlatforms) = postSolution
		{38F52AE6-745A-44FC-9AA5-8393610AC722}.Debug|Any CPU.ActiveCfg = Debug|Any CPU
		{38F52AE6-745A-44FC-9AA5-8393610AC722}.Debug|Any CPU.Build.0 = Debug|Any CPU
		{38F52AE6-745A-44FC-9AA5-8393610AC722}.Release|Any CPU.ActiveCfg = Release|Any CPU
		{38F52AE6-745A-44FC-9AA5-8393610AC722}.Release|Any CPU.Build.0 = Release|Any CPU
		{309DBAE1-B55E-444A-A8E0-6C899D49DAD1}.Debug|Any CPU.ActiveCfg = Debug|Any CPU
		{309DBAE1-B55E-444A-A8E0-6C899D49DAD1}.Debug|Any CPU.Build.0 = Debug|Any CPU
		{309DBAE1-B55E-444A-A8E0-6C899D49DAD1}.Release|Any CPU.ActiveCfg = Release|Any CPU
		{309DBAE1-B55E-444A-A8E0-6C899D49DAD1}.Release|Any CPU.Build.0 = Release|Any CPU
		{1217532C-F2FF-4364-ACB8-DF468B0C4289}.Debug|Any CPU.ActiveCfg = Debug|Any CPU
		{1217532C-F2FF-4364-ACB8-DF468B0C4289}.Debug|Any CPU.Build.0 = Debug|Any CPU
		{1217532C-F2FF-4364-ACB8-DF468B0C4289}.Release|Any CPU.ActiveCfg = Release|Any CPU
		{1217532C-F2FF-4364-ACB8-DF468B0C4289}.Release|Any CPU.Build.0 = Release|Any CPU
		{85299EDF-8DA2-46C5-849A-D8C4DF1B3309}.Debug|Any CPU.ActiveCfg = Debug|Any CPU
		{85299EDF-8DA2-46C5-849A-D8C4DF1B3309}.Debug|Any CPU.Build.0 = Debug|Any CPU
		{85299EDF-8DA2-46C5-849A-D8C4DF1B3309}.Release|Any CPU.ActiveCfg = Release|Any CPU
		{85299EDF-8DA2-46C5-849A-D8C4DF1B3309}.Release|Any CPU.Build.0 = Release|Any CPU
		{26E55ABA-D8AF-4E6D-A047-3FDDE1BE6CCB}.Debug|Any CPU.ActiveCfg = Debug|Any CPU
		{26E55ABA-D8AF-4E6D-A047-3FDDE1BE6CCB}.Debug|Any CPU.Build.0 = Debug|Any CPU
		{26E55ABA-D8AF-4E6D-A047-3FDDE1BE6CCB}.Release|Any CPU.ActiveCfg = Release|Any CPU
		{26E55ABA-D8AF-4E6D-A047-3FDDE1BE6CCB}.Release|Any CPU.Build.0 = Release|Any CPU
		{3807B7FB-71F4-49C9-8FD5-087F4CA93E49}.Debug|Any CPU.ActiveCfg = Debug|Any CPU
		{3807B7FB-71F4-49C9-8FD5-087F4CA93E49}.Debug|Any CPU.Build.0 = Debug|Any CPU
		{3807B7FB-71F4-49C9-8FD5-087F4CA93E49}.Release|Any CPU.ActiveCfg = Release|Any CPU
		{3807B7FB-71F4-49C9-8FD5-087F4CA93E49}.Release|Any CPU.Build.0 = Release|Any CPU
		{8BC8BDCF-2D89-47D5-A976-2B05900ECF39}.Debug|Any CPU.ActiveCfg = Debug|Any CPU
		{8BC8BDCF-2D89-47D5-A976-2B05900ECF39}.Debug|Any CPU.Build.0 = Debug|Any CPU
		{8BC8BDCF-2D89-47D5-A976-2B05900ECF39}.Release|Any CPU.ActiveCfg = Release|Any CPU
		{8BC8BDCF-2D89-47D5-A976-2B05900ECF39}.Release|Any CPU.Build.0 = Release|Any CPU
		{CDE160C3-B80A-44DA-AFE8-86E4E5D44C32}.Debug|Any CPU.ActiveCfg = Debug|Any CPU
		{CDE160C3-B80A-44DA-AFE8-86E4E5D44C32}.Debug|Any CPU.Build.0 = Debug|Any CPU
		{CDE160C3-B80A-44DA-AFE8-86E4E5D44C32}.Release|Any CPU.ActiveCfg = Release|Any CPU
		{CDE160C3-B80A-44DA-AFE8-86E4E5D44C32}.Release|Any CPU.Build.0 = Release|Any CPU
		{D5D2B308-8942-4BEF-BD62-C8941E2C5B76}.Debug|Any CPU.ActiveCfg = Debug|Any CPU
		{D5D2B308-8942-4BEF-BD62-C8941E2C5B76}.Debug|Any CPU.Build.0 = Debug|Any CPU
		{D5D2B308-8942-4BEF-BD62-C8941E2C5B76}.Release|Any CPU.ActiveCfg = Release|Any CPU
		{D5D2B308-8942-4BEF-BD62-C8941E2C5B76}.Release|Any CPU.Build.0 = Release|Any CPU
		{6E0104AC-3156-4DA3-B1F4-1FEF70ABC0B7}.Debug|Any CPU.ActiveCfg = Debug|Any CPU
		{6E0104AC-3156-4DA3-B1F4-1FEF70ABC0B7}.Debug|Any CPU.Build.0 = Debug|Any CPU
		{6E0104AC-3156-4DA3-B1F4-1FEF70ABC0B7}.Release|Any CPU.ActiveCfg = Release|Any CPU
		{6E0104AC-3156-4DA3-B1F4-1FEF70ABC0B7}.Release|Any CPU.Build.0 = Release|Any CPU
		{07310B00-242B-4618-9F10-B77C02833478}.Debug|Any CPU.ActiveCfg = Debug|Any CPU
		{07310B00-242B-4618-9F10-B77C02833478}.Debug|Any CPU.Build.0 = Debug|Any CPU
		{07310B00-242B-4618-9F10-B77C02833478}.Release|Any CPU.ActiveCfg = Release|Any CPU
		{07310B00-242B-4618-9F10-B77C02833478}.Release|Any CPU.Build.0 = Release|Any CPU
		{C714B5A9-C111-4A48-8A30-4FD8786B5B75}.Debug|Any CPU.ActiveCfg = Debug|Any CPU
		{C714B5A9-C111-4A48-8A30-4FD8786B5B75}.Debug|Any CPU.Build.0 = Debug|Any CPU
		{C714B5A9-C111-4A48-8A30-4FD8786B5B75}.Release|Any CPU.ActiveCfg = Release|Any CPU
		{C714B5A9-C111-4A48-8A30-4FD8786B5B75}.Release|Any CPU.Build.0 = Release|Any CPU
		{798CC435-3ABA-419B-86F5-5AB08D24D307}.Debug|Any CPU.ActiveCfg = Debug|Any CPU
		{798CC435-3ABA-419B-86F5-5AB08D24D307}.Debug|Any CPU.Build.0 = Debug|Any CPU
		{798CC435-3ABA-419B-86F5-5AB08D24D307}.Release|Any CPU.ActiveCfg = Release|Any CPU
		{798CC435-3ABA-419B-86F5-5AB08D24D307}.Release|Any CPU.Build.0 = Release|Any CPU
		{80F9AEB5-40A5-4C4C-88C4-6DE7917134A7}.Debug|Any CPU.ActiveCfg = Debug|Any CPU
		{80F9AEB5-40A5-4C4C-88C4-6DE7917134A7}.Debug|Any CPU.Build.0 = Debug|Any CPU
		{80F9AEB5-40A5-4C4C-88C4-6DE7917134A7}.Release|Any CPU.ActiveCfg = Release|Any CPU
		{80F9AEB5-40A5-4C4C-88C4-6DE7917134A7}.Release|Any CPU.Build.0 = Release|Any CPU
		{683E2F1D-2A0C-43FD-981D-8105A3408527}.Debug|Any CPU.ActiveCfg = Debug|Any CPU
		{683E2F1D-2A0C-43FD-981D-8105A3408527}.Debug|Any CPU.Build.0 = Debug|Any CPU
		{683E2F1D-2A0C-43FD-981D-8105A3408527}.Release|Any CPU.ActiveCfg = Release|Any CPU
		{683E2F1D-2A0C-43FD-981D-8105A3408527}.Release|Any CPU.Build.0 = Release|Any CPU
		{52D893DB-AF06-49BF-BBFE-939F9079EC0B}.Debug|Any CPU.ActiveCfg = Debug|Any CPU
		{52D893DB-AF06-49BF-BBFE-939F9079EC0B}.Debug|Any CPU.Build.0 = Debug|Any CPU
		{52D893DB-AF06-49BF-BBFE-939F9079EC0B}.Release|Any CPU.ActiveCfg = Release|Any CPU
		{52D893DB-AF06-49BF-BBFE-939F9079EC0B}.Release|Any CPU.Build.0 = Release|Any CPU
		{77D8DEAE-999F-4F2E-B132-21CC872927DE}.Debug|Any CPU.ActiveCfg = Debug|Any CPU
		{77D8DEAE-999F-4F2E-B132-21CC872927DE}.Debug|Any CPU.Build.0 = Debug|Any CPU
		{77D8DEAE-999F-4F2E-B132-21CC872927DE}.Debug|Any CPU.Deploy.0 = Debug|Any CPU
		{77D8DEAE-999F-4F2E-B132-21CC872927DE}.Release|Any CPU.ActiveCfg = Release|Any CPU
		{77D8DEAE-999F-4F2E-B132-21CC872927DE}.Release|Any CPU.Build.0 = Release|Any CPU
		{B6FBEC0C-EDBB-4BA6-BEE8-157C660B9D71}.Debug|Any CPU.ActiveCfg = Debug|Any CPU
		{B6FBEC0C-EDBB-4BA6-BEE8-157C660B9D71}.Debug|Any CPU.Build.0 = Debug|Any CPU
		{B6FBEC0C-EDBB-4BA6-BEE8-157C660B9D71}.Release|Any CPU.ActiveCfg = Release|Any CPU
		{B6FBEC0C-EDBB-4BA6-BEE8-157C660B9D71}.Release|Any CPU.Build.0 = Release|Any CPU
		{C9C4CC7E-0A96-4CFB-95A4-486F6243CD5A}.Debug|Any CPU.ActiveCfg = Debug|Any CPU
		{C9C4CC7E-0A96-4CFB-95A4-486F6243CD5A}.Debug|Any CPU.Build.0 = Debug|Any CPU
		{C9C4CC7E-0A96-4CFB-95A4-486F6243CD5A}.Release|Any CPU.ActiveCfg = Release|Any CPU
		{C9C4CC7E-0A96-4CFB-95A4-486F6243CD5A}.Release|Any CPU.Build.0 = Release|Any CPU
		{13E87BA0-6154-4C36-BB85-F2695F64C175}.Debug|Any CPU.ActiveCfg = Debug|Any CPU
		{13E87BA0-6154-4C36-BB85-F2695F64C175}.Debug|Any CPU.Build.0 = Debug|Any CPU
		{13E87BA0-6154-4C36-BB85-F2695F64C175}.Release|Any CPU.ActiveCfg = Release|Any CPU
		{13E87BA0-6154-4C36-BB85-F2695F64C175}.Release|Any CPU.Build.0 = Release|Any CPU
		{AFFD7B2D-D44A-45F9-AD78-63838C150012}.Debug|Any CPU.ActiveCfg = Debug|Any CPU
		{AFFD7B2D-D44A-45F9-AD78-63838C150012}.Debug|Any CPU.Build.0 = Debug|Any CPU
		{AFFD7B2D-D44A-45F9-AD78-63838C150012}.Release|Any CPU.ActiveCfg = Release|Any CPU
		{AFFD7B2D-D44A-45F9-AD78-63838C150012}.Release|Any CPU.Build.0 = Release|Any CPU
	EndGlobalSection
	GlobalSection(SolutionProperties) = preSolution
		HideSolutionNode = FALSE
	EndGlobalSection
	GlobalSection(NestedProjects) = preSolution
		{277391FA-86A2-4A5B-96DA-066967AC9A35} = {09A31D29-68C2-475E-97FE-A344108531C0}
		{E31B2023-FD53-4F54-ABC0-C1B8800F73D7} = {277391FA-86A2-4A5B-96DA-066967AC9A35}
		{0CE4EB87-D706-48A4-8D0E-9A45D3C96FF2} = {277391FA-86A2-4A5B-96DA-066967AC9A35}
		{67469874-B2B7-4663-AA8C-4ADF847B768A} = {277391FA-86A2-4A5B-96DA-066967AC9A35}
		{38F52AE6-745A-44FC-9AA5-8393610AC722} = {E31B2023-FD53-4F54-ABC0-C1B8800F73D7}
		{309DBAE1-B55E-444A-A8E0-6C899D49DAD1} = {0CE4EB87-D706-48A4-8D0E-9A45D3C96FF2}
		{1217532C-F2FF-4364-ACB8-DF468B0C4289} = {0CE4EB87-D706-48A4-8D0E-9A45D3C96FF2}
		{85299EDF-8DA2-46C5-849A-D8C4DF1B3309} = {67469874-B2B7-4663-AA8C-4ADF847B768A}
		{26E55ABA-D8AF-4E6D-A047-3FDDE1BE6CCB} = {67469874-B2B7-4663-AA8C-4ADF847B768A}
		{3807B7FB-71F4-49C9-8FD5-087F4CA93E49} = {09A31D29-68C2-475E-97FE-A344108531C0}
		{5EB6BD1B-222C-409D-AA3B-5471178D7D1A} = {09A31D29-68C2-475E-97FE-A344108531C0}
		{23FCE99A-1D2F-48FF-972D-7E9F40BC0545} = {5EB6BD1B-222C-409D-AA3B-5471178D7D1A}
		{8BC8BDCF-2D89-47D5-A976-2B05900ECF39} = {23FCE99A-1D2F-48FF-972D-7E9F40BC0545}
		{43918328-082E-4370-A634-D7FE555AA31F} = {5EB6BD1B-222C-409D-AA3B-5471178D7D1A}
		{CDE160C3-B80A-44DA-AFE8-86E4E5D44C32} = {43918328-082E-4370-A634-D7FE555AA31F}
		{D5D2B308-8942-4BEF-BD62-C8941E2C5B76} = {43918328-082E-4370-A634-D7FE555AA31F}
		{09A05B82-5573-46AD-896A-905D4B907AFA} = {5EB6BD1B-222C-409D-AA3B-5471178D7D1A}
		{6E0104AC-3156-4DA3-B1F4-1FEF70ABC0B7} = {09A05B82-5573-46AD-896A-905D4B907AFA}
		{07310B00-242B-4618-9F10-B77C02833478} = {09A05B82-5573-46AD-896A-905D4B907AFA}
		{16D4A5B2-C8C2-4EF5-9624-126F9867354B} = {09A31D29-68C2-475E-97FE-A344108531C0}
		{E387DB1B-D471-4E80-A10A-C8EF4A2C22E8} = {16D4A5B2-C8C2-4EF5-9624-126F9867354B}
		{A21B84BC-3FA6-475C-942D-3AE6C3700187} = {16D4A5B2-C8C2-4EF5-9624-126F9867354B}
		{B4CA2B98-02F8-41EA-8284-303A8431CDEE} = {16D4A5B2-C8C2-4EF5-9624-126F9867354B}
		{C714B5A9-C111-4A48-8A30-4FD8786B5B75} = {E387DB1B-D471-4E80-A10A-C8EF4A2C22E8}
		{798CC435-3ABA-419B-86F5-5AB08D24D307} = {A21B84BC-3FA6-475C-942D-3AE6C3700187}
		{80F9AEB5-40A5-4C4C-88C4-6DE7917134A7} = {A21B84BC-3FA6-475C-942D-3AE6C3700187}
		{683E2F1D-2A0C-43FD-981D-8105A3408527} = {B4CA2B98-02F8-41EA-8284-303A8431CDEE}
		{52D893DB-AF06-49BF-BBFE-939F9079EC0B} = {B4CA2B98-02F8-41EA-8284-303A8431CDEE}
		{89CAD88F-15FB-4866-A821-B3BE4D7C4A52} = {09A31D29-68C2-475E-97FE-A344108531C0}
		{77D8DEAE-999F-4F2E-B132-21CC872927DE} = {89CAD88F-15FB-4866-A821-B3BE4D7C4A52}
		{B6FBEC0C-EDBB-4BA6-BEE8-157C660B9D71} = {89CAD88F-15FB-4866-A821-B3BE4D7C4A52}
		{C9C4CC7E-0A96-4CFB-95A4-486F6243CD5A} = {89CAD88F-15FB-4866-A821-B3BE4D7C4A52}
		{48378CF7-40EB-4310-A396-E5226006AE3A} = {277391FA-86A2-4A5B-96DA-066967AC9A35}
		{13E87BA0-6154-4C36-BB85-F2695F64C175} = {48378CF7-40EB-4310-A396-E5226006AE3A}
		{AFFD7B2D-D44A-45F9-AD78-63838C150012} = {89CAD88F-15FB-4866-A821-B3BE4D7C4A52}
	EndGlobalSection
	GlobalSection(ExtensibilityGlobals) = postSolution
		SolutionGuid = {8AD4E0B2-F358-4C3D-BC59-44590B799898}
	EndGlobalSection
EndGlobal
